
Microsoft Visual Studio Solution File, Format Version 12.00
# Visual Studio Version 17
VisualStudioVersion = 17.6.33829.357
MinimumVisualStudioVersion = 10.0.40219.1
Project("{FAE04EC0-301F-11D3-BF4B-00C04F79EFBC}") = "ASP.NET Core 6.0 JWT Authentication", "ASP.NET Core 6.0 JWT Authentication.csproj", "{EA3E16F7-2E81-483A-BCD3-DA8AA9A4A6BD}"
EndProject
Global
	GlobalSection(SolutionConfigurationPlatforms) = preSolution
		Debug|Any CPU = Debug|Any CPU
		Release|Any CPU = Release|Any CPU
	EndGlobalSection
	GlobalSection(ProjectConfigurationPlatforms) = postSolution
		{EA3E16F7-2E81-483A-BCD3-DA8AA9A4A6BD}.Debug|Any CPU.ActiveCfg = Debug|Any CPU
		{EA3E16F7-2E81-483A-BCD3-DA8AA9A4A6BD}.Debug|Any CPU.Build.0 = Debug|Any CPU
		{EA3E16F7-2E81-483A-BCD3-DA8AA9A4A6BD}.Release|Any CPU.ActiveCfg = Release|Any CPU
		{EA3E16F7-2E81-483A-BCD3-DA8AA9A4A6BD}.Release|Any CPU.Build.0 = Release|Any CPU
	EndGlobalSection
	GlobalSection(SolutionProperties) = preSolution
		HideSolutionNode = FALSE
	EndGlobalSection
	GlobalSection(ExtensibilityGlobals) = postSolution
		SolutionGuid = {7D283A7C-11ED-4FA1-8296-DB8CB6E530F2}
	EndGlobalSection
EndGlobal
